// !$*UTF8*$!
{
	archiveVersion = 1;
	classes = {
	};
	objectVersion = 56;
	objects = {

/* Begin PBXBuildFile section */
		7A7508EE292CB85D00136A0F /* AppDelegate.swift in Sources */ = {isa = PBXBuildFile; fileRef = 7A7508ED292CB85D00136A0F /* AppDelegate.swift */; };
		7A7508F2292CB85D00136A0F /* ViewController.swift in Sources */ = {isa = PBXBuildFile; fileRef = 7A7508F1292CB85D00136A0F /* ViewController.swift */; };
		7A7508F5292CB85D00136A0F /* Main.storyboard in Resources */ = {isa = PBXBuildFile; fileRef = 7A7508F3292CB85D00136A0F /* Main.storyboard */; };
		7A7508F7292CB85F00136A0F /* Assets.xcassets in Resources */ = {isa = PBXBuildFile; fileRef = 7A7508F6292CB85F00136A0F /* Assets.xcassets */; };
		7A7508FA292CB85F00136A0F /* LaunchScreen.storyboard in Resources */ = {isa = PBXBuildFile; fileRef = 7A7508F8292CB85F00136A0F /* LaunchScreen.storyboard */; };
		7A750932292CBD3200136A0F /* Orientation.swift in Sources */ = {isa = PBXBuildFile; fileRef = 7A75092D292CBD3200136A0F /* Orientation.swift */; };
		7A750933292CBD3200136A0F /* SwiftyCamButton.swift in Sources */ = {isa = PBXBuildFile; fileRef = 7A75092E292CBD3200136A0F /* SwiftyCamButton.swift */; };
		7A750934292CBD3200136A0F /* PreviewView.swift in Sources */ = {isa = PBXBuildFile; fileRef = 7A75092F292CBD3200136A0F /* PreviewView.swift */; };
		7A750935292CBD3200136A0F /* SwiftyCamViewController.swift in Sources */ = {isa = PBXBuildFile; fileRef = 7A750930292CBD3200136A0F /* SwiftyCamViewController.swift */; };
		7A750936292CBD3200136A0F /* SwiftyCamViewControllerDelegate.swift in Sources */ = {isa = PBXBuildFile; fileRef = 7A750931292CBD3200136A0F /* SwiftyCamViewControllerDelegate.swift */; };
		7A750938292CD28600136A0F /* SwiftyRecordButton.swift in Sources */ = {isa = PBXBuildFile; fileRef = 7A750937292CD28500136A0F /* SwiftyRecordButton.swift */; };
		7A75093B292CD90200136A0F /* PhotoViewController.swift in Sources */ = {isa = PBXBuildFile; fileRef = 7A750939292CD90100136A0F /* PhotoViewController.swift */; };
		7A75093C292CD90200136A0F /* VideoViewController.swift in Sources */ = {isa = PBXBuildFile; fileRef = 7A75093A292CD90200136A0F /* VideoViewController.swift */; };
		7A75093F292D01A700136A0F /* CameraMode.swift in Sources */ = {isa = PBXBuildFile; fileRef = 7A75093E292D01A700136A0F /* CameraMode.swift */; };
/* End PBXBuildFile section */

/* Begin PBXFileReference section */
		7A7508EA292CB85D00136A0F /* SKCamera.app */ = {isa = PBXFileReference; explicitFileType = wrapper.application; includeInIndex = 0; path = SKCamera.app; sourceTree = BUILT_PRODUCTS_DIR; };
		7A7508ED292CB85D00136A0F /* AppDelegate.swift */ = {isa = PBXFileReference; lastKnownFileType = sourcecode.swift; path = AppDelegate.swift; sourceTree = "<group>"; };
		7A7508F1292CB85D00136A0F /* ViewController.swift */ = {isa = PBXFileReference; lastKnownFileType = sourcecode.swift; path = ViewController.swift; sourceTree = "<group>"; };
		7A7508F4292CB85D00136A0F /* Base */ = {isa = PBXFileReference; lastKnownFileType = file.storyboard; name = Base; path = Base.lproj/Main.storyboard; sourceTree = "<group>"; };
		7A7508F6292CB85F00136A0F /* Assets.xcassets */ = {isa = PBXFileReference; lastKnownFileType = folder.assetcatalog; path = Assets.xcassets; sourceTree = "<group>"; };
		7A7508F9292CB85F00136A0F /* Base */ = {isa = PBXFileReference; lastKnownFileType = file.storyboard; name = Base; path = Base.lproj/LaunchScreen.storyboard; sourceTree = "<group>"; };
		7A7508FB292CB85F00136A0F /* Info.plist */ = {isa = PBXFileReference; lastKnownFileType = text.plist.xml; path = Info.plist; sourceTree = "<group>"; };
		7A75092D292CBD3200136A0F /* Orientation.swift */ = {isa = PBXFileReference; fileEncoding = 4; lastKnownFileType = sourcecode.swift; path = Orientation.swift; sourceTree = "<group>"; };
		7A75092E292CBD3200136A0F /* SwiftyCamButton.swift */ = {isa = PBXFileReference; fileEncoding = 4; lastKnownFileType = sourcecode.swift; path = SwiftyCamButton.swift; sourceTree = "<group>"; };
		7A75092F292CBD3200136A0F /* PreviewView.swift */ = {isa = PBXFileReference; fileEncoding = 4; lastKnownFileType = sourcecode.swift; path = PreviewView.swift; sourceTree = "<group>"; };
		7A750930292CBD3200136A0F /* SwiftyCamViewController.swift */ = {isa = PBXFileReference; fileEncoding = 4; lastKnownFileType = sourcecode.swift; path = SwiftyCamViewController.swift; sourceTree = "<group>"; };
		7A750931292CBD3200136A0F /* SwiftyCamViewControllerDelegate.swift */ = {isa = PBXFileReference; fileEncoding = 4; lastKnownFileType = sourcecode.swift; path = SwiftyCamViewControllerDelegate.swift; sourceTree = "<group>"; };
		7A750937292CD28500136A0F /* SwiftyRecordButton.swift */ = {isa = PBXFileReference; fileEncoding = 4; lastKnownFileType = sourcecode.swift; path = SwiftyRecordButton.swift; sourceTree = "<group>"; };
		7A750939292CD90100136A0F /* PhotoViewController.swift */ = {isa = PBXFileReference; fileEncoding = 4; lastKnownFileType = sourcecode.swift; path = PhotoViewController.swift; sourceTree = "<group>"; };
		7A75093A292CD90200136A0F /* VideoViewController.swift */ = {isa = PBXFileReference; fileEncoding = 4; lastKnownFileType = sourcecode.swift; path = VideoViewController.swift; sourceTree = "<group>"; };
		7A75093E292D01A700136A0F /* CameraMode.swift */ = {isa = PBXFileReference; lastKnownFileType = sourcecode.swift; path = CameraMode.swift; sourceTree = "<group>"; };
/* End PBXFileReference section */

/* Begin PBXFrameworksBuildPhase section */
		7A7508E7292CB85D00136A0F /* Frameworks */ = {
			isa = PBXFrameworksBuildPhase;
			buildActionMask = 2147483647;
			files = (
			);
			runOnlyForDeploymentPostprocessing = 0;
		};
/* End PBXFrameworksBuildPhase section */

/* Begin PBXGroup section */
		7A7508E1292CB85D00136A0F = {
			isa = PBXGroup;
			children = (
				7A7508EC292CB85D00136A0F /* SKCamera */,
				7A7508EB292CB85D00136A0F /* Products */,
			);
			sourceTree = "<group>";
		};
		7A7508EB292CB85D00136A0F /* Products */ = {
			isa = PBXGroup;
			children = (
				7A7508EA292CB85D00136A0F /* SKCamera.app */,
			);
			name = Products;
			sourceTree = "<group>";
		};
		7A7508EC292CB85D00136A0F /* SKCamera */ = {
			isa = PBXGroup;
			children = (
				7A75092C292CBD2600136A0F /* CameraManager */,
				7A7508ED292CB85D00136A0F /* AppDelegate.swift */,
				7A7508F1292CB85D00136A0F /* ViewController.swift */,
				7A750939292CD90100136A0F /* PhotoViewController.swift */,
				7A75093A292CD90200136A0F /* VideoViewController.swift */,
				7A7508F3292CB85D00136A0F /* Main.storyboard */,
				7A7508F6292CB85F00136A0F /* Assets.xcassets */,
				7A7508F8292CB85F00136A0F /* LaunchScreen.storyboard */,
				7A7508FB292CB85F00136A0F /* Info.plist */,
			);
			path = SKCamera;
			sourceTree = "<group>";
		};
		7A75092C292CBD2600136A0F /* CameraManager */ = {
			isa = PBXGroup;
			children = (
				7A75092D292CBD3200136A0F /* Orientation.swift */,
				7A75092F292CBD3200136A0F /* PreviewView.swift */,
				7A75092E292CBD3200136A0F /* SwiftyCamButton.swift */,
				7A750930292CBD3200136A0F /* SwiftyCamViewController.swift */,
				7A750931292CBD3200136A0F /* SwiftyCamViewControllerDelegate.swift */,
				7A750937292CD28500136A0F /* SwiftyRecordButton.swift */,
				7A75093E292D01A700136A0F /* CameraMode.swift */,
			);
			path = CameraManager;
			sourceTree = "<group>";
		};
/* End PBXGroup section */

/* Begin PBXNativeTarget section */
		7A7508E9292CB85D00136A0F /* SKCamera */ = {
			isa = PBXNativeTarget;
			buildConfigurationList = 7A7508FE292CB85F00136A0F /* Build configuration list for PBXNativeTarget "SKCamera" */;
			buildPhases = (
				7A7508E6292CB85D00136A0F /* Sources */,
				7A7508E7292CB85D00136A0F /* Frameworks */,
				7A7508E8292CB85D00136A0F /* Resources */,
			);
			buildRules = (
			);
			dependencies = (
			);
			name = SKCamera;
			productName = SKCamera;
			productReference = 7A7508EA292CB85D00136A0F /* SKCamera.app */;
			productType = "com.apple.product-type.application";
		};
/* End PBXNativeTarget section */

/* Begin PBXProject section */
		7A7508E2292CB85D00136A0F /* Project object */ = {
			isa = PBXProject;
			attributes = {
				BuildIndependentTargetsInParallel = 1;
				LastSwiftUpdateCheck = 1400;
				LastUpgradeCheck = 1400;
				TargetAttributes = {
					7A7508E9292CB85D00136A0F = {
						CreatedOnToolsVersion = 14.0.1;
					};
				};
			};
			buildConfigurationList = 7A7508E5292CB85D00136A0F /* Build configuration list for PBXProject "SKCamera" */;
			compatibilityVersion = "Xcode 14.0";
			developmentRegion = en;
			hasScannedForEncodings = 0;
			knownRegions = (
				en,
				Base,
			);
			mainGroup = 7A7508E1292CB85D00136A0F;
			productRefGroup = 7A7508EB292CB85D00136A0F /* Products */;
			projectDirPath = "";
			projectRoot = "";
			targets = (
				7A7508E9292CB85D00136A0F /* SKCamera */,
			);
		};
/* End PBXProject section */

/* Begin PBXResourcesBuildPhase section */
		7A7508E8292CB85D00136A0F /* Resources */ = {
			isa = PBXResourcesBuildPhase;
			buildActionMask = 2147483647;
			files = (
				7A7508FA292CB85F00136A0F /* LaunchScreen.storyboard in Resources */,
				7A7508F7292CB85F00136A0F /* Assets.xcassets in Resources */,
				7A7508F5292CB85D00136A0F /* Main.storyboard in Resources */,
			);
			runOnlyForDeploymentPostprocessing = 0;
		};
/* End PBXResourcesBuildPhase section */

/* Begin PBXSourcesBuildPhase section */
		7A7508E6292CB85D00136A0F /* Sources */ = {
			isa = PBXSourcesBuildPhase;
			buildActionMask = 2147483647;
			files = (
				7A750932292CBD3200136A0F /* Orientation.swift in Sources */,
				7A750938292CD28600136A0F /* SwiftyRecordButton.swift in Sources */,
				7A750936292CBD3200136A0F /* SwiftyCamViewControllerDelegate.swift in Sources */,
				7A7508F2292CB85D00136A0F /* ViewController.swift in Sources */,
				7A750935292CBD3200136A0F /* SwiftyCamViewController.swift in Sources */,
				7A75093B292CD90200136A0F /* PhotoViewController.swift in Sources */,
				7A75093F292D01A700136A0F /* CameraMode.swift in Sources */,
				7A7508EE292CB85D00136A0F /* AppDelegate.swift in Sources */,
				7A750933292CBD3200136A0F /* SwiftyCamButton.swift in Sources */,
				7A75093C292CD90200136A0F /* VideoViewController.swift in Sources */,
				7A750934292CBD3200136A0F /* PreviewView.swift in Sources */,
			);
			runOnlyForDeploymentPostprocessing = 0;
		};
/* End PBXSourcesBuildPhase section */

/* Begin PBXVariantGroup section */
		7A7508F3292CB85D00136A0F /* Main.storyboard */ = {
			isa = PBXVariantGroup;
			children = (
				7A7508F4292CB85D00136A0F /* Base */,
			);
			name = Main.storyboard;
			sourceTree = "<group>";
		};
		7A7508F8292CB85F00136A0F /* LaunchScreen.storyboard */ = {
			isa = PBXVariantGroup;
			children = (
				7A7508F9292CB85F00136A0F /* Base */,
			);
			name = LaunchScreen.storyboard;
			sourceTree = "<group>";
		};
/* End PBXVariantGroup section */

/* Begin XCBuildConfiguration section */
		7A7508FC292CB85F00136A0F /* Debug */ = {
			isa = XCBuildConfiguration;
			buildSettings = {
				ALWAYS_SEARCH_USER_PATHS = NO;
				CLANG_ANALYZER_NONNULL = YES;
				CLANG_ANALYZER_NUMBER_OBJECT_CONVERSION = YES_AGGRESSIVE;
				CLANG_CXX_LANGUAGE_STANDARD = "gnu++20";
				CLANG_ENABLE_MODULES = YES;
				CLANG_ENABLE_OBJC_ARC = YES;
				CLANG_ENABLE_OBJC_WEAK = YES;
				CLANG_WARN_BLOCK_CAPTURE_AUTORELEASING = YES;
				CLANG_WARN_BOOL_CONVERSION = YES;
				CLANG_WARN_COMMA = YES;
				CLANG_WARN_CONSTANT_CONVERSION = YES;
				CLANG_WARN_DEPRECATED_OBJC_IMPLEMENTATIONS = YES;
				CLANG_WARN_DIRECT_OBJC_ISA_USAGE = YES_ERROR;
				CLANG_WARN_DOCUMENTATION_COMMENTS = YES;
				CLANG_WARN_EMPTY_BODY = YES;
				CLANG_WARN_ENUM_CONVERSION = YES;
				CLANG_WARN_INFINITE_RECURSION = YES;
				CLANG_WARN_INT_CONVERSION = YES;
				CLANG_WARN_NON_LITERAL_NULL_CONVERSION = YES;
				CLANG_WARN_OBJC_IMPLICIT_RETAIN_SELF = YES;
				CLANG_WARN_OBJC_LITERAL_CONVERSION = YES;
				CLANG_WARN_OBJC_ROOT_CLASS = YES_ERROR;
				CLANG_WARN_QUOTED_INCLUDE_IN_FRAMEWORK_HEADER = YES;
				CLANG_WARN_RANGE_LOOP_ANALYSIS = YES;
				CLANG_WARN_STRICT_PROTOTYPES = YES;
				CLANG_WARN_SUSPICIOUS_MOVE = YES;
				CLANG_WARN_UNGUARDED_AVAILABILITY = YES_AGGRESSIVE;
				CLANG_WARN_UNREACHABLE_CODE = YES;
				CLANG_WARN__DUPLICATE_METHOD_MATCH = YES;
				COPY_PHASE_STRIP = NO;
				DEBUG_INFORMATION_FORMAT = dwarf;
				ENABLE_STRICT_OBJC_MSGSEND = YES;
				ENABLE_TESTABILITY = YES;
				GCC_C_LANGUAGE_STANDARD = gnu11;
				GCC_DYNAMIC_NO_PIC = NO;
				GCC_NO_COMMON_BLOCKS = YES;
				GCC_OPTIMIZATION_LEVEL = 0;
				GCC_PREPROCESSOR_DEFINITIONS = (
					"DEBUG=1",
					"$(inherited)",
				);
				GCC_WARN_64_TO_32_BIT_CONVERSION = YES;
				GCC_WARN_ABOUT_RETURN_TYPE = YES_ERROR;
				GCC_WARN_UNDECLARED_SELECTOR = YES;
				GCC_WARN_UNINITIALIZED_AUTOS = YES_AGGRESSIVE;
				GCC_WARN_UNUSED_FUNCTION = YES;
				GCC_WARN_UNUSED_VARIABLE = YES;
				IPHONEOS_DEPLOYMENT_TARGET = 16.0;
				MTL_ENABLE_DEBUG_INFO = INCLUDE_SOURCE;
				MTL_FAST_MATH = YES;
				ONLY_ACTIVE_ARCH = YES;
				SDKROOT = iphoneos;
				SWIFT_ACTIVE_COMPILATION_CONDITIONS = DEBUG;
				SWIFT_OPTIMIZATION_LEVEL = "-Onone";
			};
			name = Debug;
		};
		7A7508FD292CB85F00136A0F /* Release */ = {
			isa = XCBuildConfiguration;
			buildSettings = {
				ALWAYS_SEARCH_USER_PATHS = NO;
				CLANG_ANALYZER_NONNULL = YES;
				CLANG_ANALYZER_NUMBER_OBJECT_CONVERSION = YES_AGGRESSIVE;
				CLANG_CXX_LANGUAGE_STANDARD = "gnu++20";
				CLANG_ENABLE_MODULES = YES;
				CLANG_ENABLE_OBJC_ARC = YES;
				CLANG_ENABLE_OBJC_WEAK = YES;
				CLANG_WARN_BLOCK_CAPTURE_AUTORELEASING = YES;
				CLANG_WARN_BOOL_CONVERSION = YES;
				CLANG_WARN_COMMA = YES;
				CLANG_WARN_CONSTANT_CONVERSION = YES;
				CLANG_WARN_DEPRECATED_OBJC_IMPLEMENTATIONS = YES;
				CLANG_WARN_DIRECT_OBJC_ISA_USAGE = YES_ERROR;
				CLANG_WARN_DOCUMENTATION_COMMENTS = YES;
				CLANG_WARN_EMPTY_BODY = YES;
				CLANG_WARN_ENUM_CONVERSION = YES;
				CLANG_WARN_INFINITE_RECURSION = YES;
				CLANG_WARN_INT_CONVERSION = YES;
				CLANG_WARN_NON_LITERAL_NULL_CONVERSION = YES;
				CLANG_WARN_OBJC_IMPLICIT_RETAIN_SELF = YES;
				CLANG_WARN_OBJC_LITERAL_CONVERSION = YES;
				CLANG_WARN_OBJC_ROOT_CLASS = YES_ERROR;
				CLANG_WARN_QUOTED_INCLUDE_IN_FRAMEWORK_HEADER = YES;
				CLANG_WARN_RANGE_LOOP_ANALYSIS = YES;
				CLANG_WARN_STRICT_PROTOTYPES = YES;
				CLANG_WARN_SUSPICIOUS_MOVE = YES;
				CLANG_WARN_UNGUARDED_AVAILABILITY = YES_AGGRESSIVE;
				CLANG_WARN_UNREACHABLE_CODE = YES;
				CLANG_WARN__DUPLICATE_METHOD_MATCH = YES;
				COPY_PHASE_STRIP = NO;
				DEBUG_INFORMATION_FORMAT = "dwarf-with-dsym";
				ENABLE_NS_ASSERTIONS = NO;
				ENABLE_STRICT_OBJC_MSGSEND = YES;
				GCC_C_LANGUAGE_STANDARD = gnu11;
				GCC_NO_COMMON_BLOCKS = YES;
				GCC_WARN_64_TO_32_BIT_CONVERSION = YES;
				GCC_WARN_ABOUT_RETURN_TYPE = YES_ERROR;
				GCC_WARN_UNDECLARED_SELECTOR = YES;
				GCC_WARN_UNINITIALIZED_AUTOS = YES_AGGRESSIVE;
				GCC_WARN_UNUSED_FUNCTION = YES;
				GCC_WARN_UNUSED_VARIABLE = YES;
				IPHONEOS_DEPLOYMENT_TARGET = 16.0;
				MTL_ENABLE_DEBUG_INFO = NO;
				MTL_FAST_MATH = YES;
				SDKROOT = iphoneos;
				SWIFT_COMPILATION_MODE = wholemodule;
				SWIFT_OPTIMIZATION_LEVEL = "-O";
				VALIDATE_PRODUCT = YES;
			};
			name = Release;
		};
		7A7508FF292CB85F00136A0F /* Debug */ = {
			isa = XCBuildConfiguration;
			buildSettings = {
				ASSETCATALOG_COMPILER_APPICON_NAME = AppIcon;
				ASSETCATALOG_COMPILER_GLOBAL_ACCENT_COLOR_NAME = AccentColor;
				CODE_SIGN_STYLE = Automatic;
				CURRENT_PROJECT_VERSION = 1;
				DEVELOPMENT_TEAM = BB2J2N75ZB;
				GENERATE_INFOPLIST_FILE = YES;
				INFOPLIST_FILE = SKCamera/Info.plist;
				INFOPLIST_KEY_UIApplicationSupportsIndirectInputEvents = YES;
				INFOPLIST_KEY_UILaunchStoryboardName = LaunchScreen;
				INFOPLIST_KEY_UIMainStoryboardFile = Main;
				INFOPLIST_KEY_UISupportedInterfaceOrientations_iPad = "UIInterfaceOrientationPortrait UIInterfaceOrientationPortraitUpsideDown UIInterfaceOrientationLandscapeLeft UIInterfaceOrientationLandscapeRight";
				INFOPLIST_KEY_UISupportedInterfaceOrientations_iPhone = "UIInterfaceOrientationPortrait UIInterfaceOrientationLandscapeLeft UIInterfaceOrientationLandscapeRight";
				LD_RUNPATH_SEARCH_PATHS = (
					"$(inherited)",
					"@executable_path/Frameworks",
				);
				MARKETING_VERSION = 1.0;
				PRODUCT_BUNDLE_IDENTIFIER = com.skcamera.dev.SKCamera;
				PRODUCT_NAME = "$(TARGET_NAME)";
				SWIFT_EMIT_LOC_STRINGS = YES;
				SWIFT_VERSION = 5.0;
				TARGETED_DEVICE_FAMILY = "1,2";
			};
			name = Debug;
		};
		7A750900292CB85F00136A0F /* Release */ = {
			isa = XCBuildConfiguration;
			buildSettings = {
				ASSETCATALOG_COMPILER_APPICON_NAME = AppIcon;
				ASSETCATALOG_COMPILER_GLOBAL_ACCENT_COLOR_NAME = AccentColor;
				CODE_SIGN_STYLE = Automatic;
				CURRENT_PROJECT_VERSION = 1;
				DEVELOPMENT_TEAM = BB2J2N75ZB;
				GENERATE_INFOPLIST_FILE = YES;
				INFOPLIST_FILE = SKCamera/Info.plist;
				INFOPLIST_KEY_UIApplicationSupportsIndirectInputEvents = YES;
				INFOPLIST_KEY_UILaunchStoryboardName = LaunchScreen;
				INFOPLIST_KEY_UIMainStoryboardFile = Main;
				INFOPLIST_KEY_UISupportedInterfaceOrientations_iPad = "UIInterfaceOrientationPortrait UIInterfaceOrientationPortraitUpsideDown UIInterfaceOrientationLandscapeLeft UIInterfaceOrientationLandscapeRight";
				INFOPLIST_KEY_UISupportedInterfaceOrientations_iPhone = "UIInterfaceOrientationPortrait UIInterfaceOrientationLandscapeLeft UIInterfaceOrientationLandscapeRight";
				LD_RUNPATH_SEARCH_PATHS = (
					"$(inherited)",
					"@executable_path/Frameworks",
				);
				MARKETING_VERSION = 1.0;
				PRODUCT_BUNDLE_IDENTIFIER = com.skcamera.dev.SKCamera;
				PRODUCT_NAME = "$(TARGET_NAME)";
				SWIFT_EMIT_LOC_STRINGS = YES;
				SWIFT_VERSION = 5.0;
				TARGETED_DEVICE_FAMILY = "1,2";
			};
			name = Release;
		};
/* End XCBuildConfiguration section */

/* Begin XCConfigurationList section */
		7A7508E5292CB85D00136A0F /* Build configuration list for PBXProject "SKCamera" */ = {
			isa = XCConfigurationList;
			buildConfigurations = (
				7A7508FC292CB85F00136A0F /* Debug */,
				7A7508FD292CB85F00136A0F /* Release */,
			);
			defaultConfigurationIsVisible = 0;
			defaultConfigurationName = Release;
		};
		7A7508FE292CB85F00136A0F /* Build configuration list for PBXNativeTarget "SKCamera" */ = {
			isa = XCConfigurationList;
			buildConfigurations = (
				7A7508FF292CB85F00136A0F /* Debug */,
				7A750900292CB85F00136A0F /* Release */,
			);
			defaultConfigurationIsVisible = 0;
			defaultConfigurationName = Release;
		};
/* End XCConfigurationList section */
	};
	rootObject = 7A7508E2292CB85D00136A0F /* Project object */;
}
